
Microsoft Visual Studio Solution File, Format Version 12.00
# Visual Studio Version 16
VisualStudioVersion = 16.0.31727.386
MinimumVisualStudioVersion = 10.0.40219.1
Project("{2150E333-8FDC-42A3-9474-1A3956D46DE8}") = "Solution Items", "Solution Items", "{00EEDF3A-95C9-4B6D-922C-AE326609BE44}"
	ProjectSection(SolutionItems) = preProject
		README.md = README.md
	EndProjectSection
EndProject
Project("{9A19103F-16F7-4668-BE54-9A1E7A4F7556}") = "ConsoleUI", "ConsoleUI\ConsoleUI.csproj", "{4783BD1D-1A90-4188-B410-AEE4A6EA6751}"
EndProject
Project("{9A19103F-16F7-4668-BE54-9A1E7A4F7556}") = "DAL", "DAL\DAL.csproj", "{A5C0F5DC-686B-4ED4-91CA-C072FDE1AFB8}"
EndProject
Project("{9A19103F-16F7-4668-BE54-9A1E7A4F7556}") = "targil0", "targil0\targil0.csproj", "{9BFB008E-6C0E-4F05-BA26-A2CB61400E0D}"
EndProject
Project("{FAE04EC0-301F-11D3-BF4B-00C04F79EFBC}") = "BL", "BL\BL.csproj", "{3313FB88-9E30-480B-9111-0A87C035CE04}"
EndProject
Global
	GlobalSection(SolutionConfigurationPlatforms) = preSolution
		Debug|Any CPU = Debug|Any CPU
		Release|Any CPU = Release|Any CPU
	EndGlobalSection
	GlobalSection(ProjectConfigurationPlatforms) = postSolution
		{4783BD1D-1A90-4188-B410-AEE4A6EA6751}.Debug|Any CPU.ActiveCfg = Debug|Any CPU
		{4783BD1D-1A90-4188-B410-AEE4A6EA6751}.Debug|Any CPU.Build.0 = Debug|Any CPU
		{4783BD1D-1A90-4188-B410-AEE4A6EA6751}.Release|Any CPU.ActiveCfg = Release|Any CPU
		{4783BD1D-1A90-4188-B410-AEE4A6EA6751}.Release|Any CPU.Build.0 = Release|Any CPU
		{A5C0F5DC-686B-4ED4-91CA-C072FDE1AFB8}.Debug|Any CPU.ActiveCfg = Debug|Any CPU
		{A5C0F5DC-686B-4ED4-91CA-C072FDE1AFB8}.Debug|Any CPU.Build.0 = Debug|Any CPU
		{A5C0F5DC-686B-4ED4-91CA-C072FDE1AFB8}.Release|Any CPU.ActiveCfg = Release|Any CPU
		{A5C0F5DC-686B-4ED4-91CA-C072FDE1AFB8}.Release|Any CPU.Build.0 = Release|Any CPU
		{9BFB008E-6C0E-4F05-BA26-A2CB61400E0D}.Debug|Any CPU.ActiveCfg = Debug|Any CPU
		{9BFB008E-6C0E-4F05-BA26-A2CB61400E0D}.Debug|Any CPU.Build.0 = Debug|Any CPU
		{9BFB008E-6C0E-4F05-BA26-A2CB61400E0D}.Release|Any CPU.ActiveCfg = Release|Any CPU
		{9BFB008E-6C0E-4F05-BA26-A2CB61400E0D}.Release|Any CPU.Build.0 = Release|Any CPU
		{3313FB88-9E30-480B-9111-0A87C035CE04}.Debug|Any CPU.ActiveCfg = Debug|Any CPU
		{3313FB88-9E30-480B-9111-0A87C035CE04}.Debug|Any CPU.Build.0 = Debug|Any CPU
		{3313FB88-9E30-480B-9111-0A87C035CE04}.Release|Any CPU.ActiveCfg = Release|Any CPU
		{3313FB88-9E30-480B-9111-0A87C035CE04}.Release|Any CPU.Build.0 = Release|Any CPU
	EndGlobalSection
	GlobalSection(SolutionProperties) = preSolution
		HideSolutionNode = FALSE
	EndGlobalSection
	GlobalSection(ExtensibilityGlobals) = postSolution
		SolutionGuid = {483BAA59-CC13-4421-9EF5-2CF541C02687}
	EndGlobalSection
EndGlobal
